{
  "name": "ajs-package-hw",
  "version": "1.0.0",
  "lockfileVersion": 1,
  "requires": true,
  "dependencies": {
    "@nickupx/ajs": {
      "version": "1.0.0",
      "resolved": "https://npm.pkg.github.com/download/@nickupx/ajs/1.0.0/c91db7569a105bf4854638d4cfabf07debcf8dc42c028430b3e88a217a034780",
      "integrity": "sha512-7VI3efX817N446zQ8tJsJxI4BZfj8H/2jqw/N1iCyvf6pqLAd6Hge6QZh8WwEBEKb79dccWAs844dza8eNb2Og=="
    }
  }
}
